
Microsoft Visual Studio Solution File, Format Version 12.00
# Visual Studio Version 16
VisualStudioVersion = 25.0.1703.0
MinimumVisualStudioVersion = 10.0.40219.1
Project("{FAE04EC0-301F-11D3-BF4B-00C04F79EFBC}") = "TangyWeb_Server", "TangyWeb_Server.csproj", "{C197B923-A7D4-45F7-A4AE-CFF2570C29B3}"
EndProject
Project("{FAE04EC0-301F-11D3-BF4B-00C04F79EFBC}") = "TangyWeb_Client", "..\TangyWeb_Client\TangyWeb_Client.csproj", "{8CA5AC0B-0CF6-4D41-9F25-3CD8B908AA85}"
EndProject
Project("{FAE04EC0-301F-11D3-BF4B-00C04F79EFBC}") = "Tangy_Models", "..\Tangy_Models\Tangy_Models.csproj", "{F2E3D970-D41D-4643-84A1-88CD2A329014}"
EndProject
Global
	GlobalSection(SolutionConfigurationPlatforms) = preSolution
		Debug|Any CPU = Debug|Any CPU
		Release|Any CPU = Release|Any CPU
	EndGlobalSection
	GlobalSection(ProjectConfigurationPlatforms) = postSolution
		{C197B923-A7D4-45F7-A4AE-CFF2570C29B3}.Debug|Any CPU.ActiveCfg = Debug|Any CPU
		{C197B923-A7D4-45F7-A4AE-CFF2570C29B3}.Debug|Any CPU.Build.0 = Debug|Any CPU
		{C197B923-A7D4-45F7-A4AE-CFF2570C29B3}.Release|Any CPU.ActiveCfg = Release|Any CPU
		{C197B923-A7D4-45F7-A4AE-CFF2570C29B3}.Release|Any CPU.Build.0 = Release|Any CPU
		{8CA5AC0B-0CF6-4D41-9F25-3CD8B908AA85}.Debug|Any CPU.ActiveCfg = Debug|Any CPU
		{8CA5AC0B-0CF6-4D41-9F25-3CD8B908AA85}.Debug|Any CPU.Build.0 = Debug|Any CPU
		{8CA5AC0B-0CF6-4D41-9F25-3CD8B908AA85}.Release|Any CPU.ActiveCfg = Release|Any CPU
		{8CA5AC0B-0CF6-4D41-9F25-3CD8B908AA85}.Release|Any CPU.Build.0 = Release|Any CPU
		{F2E3D970-D41D-4643-84A1-88CD2A329014}.Debug|Any CPU.ActiveCfg = Debug|Any CPU
		{F2E3D970-D41D-4643-84A1-88CD2A329014}.Debug|Any CPU.Build.0 = Debug|Any CPU
		{F2E3D970-D41D-4643-84A1-88CD2A329014}.Release|Any CPU.ActiveCfg = Release|Any CPU
		{F2E3D970-D41D-4643-84A1-88CD2A329014}.Release|Any CPU.Build.0 = Release|Any CPU
	EndGlobalSection
	GlobalSection(SolutionProperties) = preSolution
		HideSolutionNode = FALSE
	EndGlobalSection
	GlobalSection(ExtensibilityGlobals) = postSolution
		SolutionGuid = {0E59E816-A70B-41F1-8A18-0DF1C9C918EB}
	EndGlobalSection
EndGlobal
